
Microsoft Visual Studio Solution File, Format Version 12.00
# Visual Studio 15
Project("{FAE04EC0-301F-11D3-BF4B-00C04F79EFBC}") = "Films.Api", "Films.Api\Films.Api.csproj", "{01B666DC-BFA7-4338-9730-379D94C94784}"
EndProject
Project("{FAE04EC0-301F-11D3-BF4B-00C04F79EFBC}") = "Films.Core", "Films.Core\Films.Core.csproj", "{CC76084C-5C6B-4447-9C3A-6D52115AF404}"
EndProject
Project("{FAE04EC0-301F-11D3-BF4B-00C04F79EFBC}") = "Films.Data", "Films.Data\Films.Data.csproj", "{F73BDE6C-1808-4252-B458-E0B0871406C9}"
EndProject
Global
	GlobalSection(SolutionConfigurationPlatforms) = preSolution
		Debug|Any CPU = Debug|Any CPU
		Release|Any CPU = Release|Any CPU
	EndGlobalSection
	GlobalSection(ProjectConfigurationPlatforms) = postSolution
		{01B666DC-BFA7-4338-9730-379D94C94784}.Debug|Any CPU.ActiveCfg = Debug|Any CPU
		{01B666DC-BFA7-4338-9730-379D94C94784}.Debug|Any CPU.Build.0 = Debug|Any CPU
		{01B666DC-BFA7-4338-9730-379D94C94784}.Release|Any CPU.ActiveCfg = Release|Any CPU
		{01B666DC-BFA7-4338-9730-379D94C94784}.Release|Any CPU.Build.0 = Release|Any CPU
		{CC76084C-5C6B-4447-9C3A-6D52115AF404}.Debug|Any CPU.ActiveCfg = Debug|Any CPU
		{CC76084C-5C6B-4447-9C3A-6D52115AF404}.Debug|Any CPU.Build.0 = Debug|Any CPU
		{CC76084C-5C6B-4447-9C3A-6D52115AF404}.Release|Any CPU.ActiveCfg = Release|Any CPU
		{CC76084C-5C6B-4447-9C3A-6D52115AF404}.Release|Any CPU.Build.0 = Release|Any CPU
		{F73BDE6C-1808-4252-B458-E0B0871406C9}.Debug|Any CPU.ActiveCfg = Debug|Any CPU
		{F73BDE6C-1808-4252-B458-E0B0871406C9}.Debug|Any CPU.Build.0 = Debug|Any CPU
		{F73BDE6C-1808-4252-B458-E0B0871406C9}.Release|Any CPU.ActiveCfg = Release|Any CPU
		{F73BDE6C-1808-4252-B458-E0B0871406C9}.Release|Any CPU.Build.0 = Release|Any CPU
	EndGlobalSection
EndGlobal
